PODS:
  - AFNetworking (4.0.1):
    - AFNetworking/NSURLSession (= 4.0.1)
    - AFNetworking/Reachability (= 4.0.1)
    - AFNetworking/Security (= 4.0.1)
    - AFNetworking/Serialization (= 4.0.1)
    - AFNetworking/UIKit (= 4.0.1)
  - AFNetworking/NSURLSession (4.0.1):
    - AFNetworking/Reachability
    - AFNetworking/Security
    - AFNetworking/Serialization
  - AFNetworking/Reachability (4.0.1)
  - AFNetworking/Security (4.0.1)
  - AFNetworking/Serialization (4.0.1)
  - AFNetworking/UIKit (4.0.1):
    - AFNetworking/NSURLSession
  - GZIP (1.2.3)
  - libbase58 (0.1.4)
  - OHHTTPStubs (9.0.0):
    - OHHTTPStubs/Default (= 9.0.0)
  - OHHTTPStubs/Core (9.0.0)
  - OHHTTPStubs/Default (9.0.0):
    - OHHTTPStubs/Core
    - OHHTTPStubs/JSON
    - OHHTTPStubs/NSURLSession
    - OHHTTPStubs/OHPathHelpers
  - OHHTTPStubs/JSON (9.0.0):
    - OHHTTPStubs/Core
  - OHHTTPStubs/NSURLSession (9.0.0):
    - OHHTTPStubs/Core
  - OHHTTPStubs/OHPathHelpers (9.0.0)
  - OLMKit (3.2.16):
    - OLMKit/olmc (= 3.2.16)
    - OLMKit/olmcpp (= 3.2.16)
  - OLMKit/olmc (3.2.16)
  - OLMKit/olmcpp (3.2.16)
  - Realm (4.4.1):
    - Realm/Headers (= 4.4.1)
  - Realm/Headers (4.4.1)

DEPENDENCIES:
  - AFNetworking (~> 4.0.0)
  - GZIP (~> 1.2.2)
  - libbase58 (~> 0.1.4)
  - OHHTTPStubs (~> 9.0.0)
  - OLMKit (from `https://collaborate.uhnresearch.ca/stash/scm/coco/olm.git`, commit `78b56ffe29bcf0e56e3b85fbf695b841b545e48a`)
  - Realm (~> 4.4.0)

SPEC REPOS:
  trunk:
    - AFNetworking
    - GZIP
    - libbase58
    - OHHTTPStubs
    - Realm

EXTERNAL SOURCES:
  OLMKit:
    :commit: 78b56ffe29bcf0e56e3b85fbf695b841b545e48a
    :git: https://collaborate.uhnresearch.ca/stash/scm/coco/olm.git

CHECKOUT OPTIONS:
  OLMKit:
    :commit: 78b56ffe29bcf0e56e3b85fbf695b841b545e48a
    :git: https://collaborate.uhnresearch.ca/stash/scm/coco/olm.git

SPEC CHECKSUMS:
  AFNetworking: 3bd23d814e976cd148d7d44c3ab78017b744cd58
  GZIP: af5c90ef903776a7e9afe6ebebd794a84a2929d4
  libbase58: 8abc2a53ac38cd37720c0acbc53ef3660e9016c2
  OHHTTPStubs: cb29d2a9d09a828ecb93349a2b0c64f99e0db89f
  OLMKit: 21c73954dcbe1b69127e062928b0339b24a910e8
  Realm: 4eb04d7487bd43c0581256f40b424eafb711deff

PODFILE CHECKSUM: b81b01731ee3c953c180125b17164d75a73dcddc

COCOAPODS: 1.15.2
